
Microsoft Visual Studio Solution File, Format Version 12.00
# Visual Studio 2012
VisualStudioVersion = 12.0.31101.0
MinimumVisualStudioVersion = 10.0.40219.1
Project("{FAE04EC0-301F-11D3-BF4B-00C04F79EFBC}") = "FitnessGoal_v1._0", "FitnessGoal_v1.0\FitnessGoal_v1._0\FitnessGoal_v1._0.csproj", "{99D3E54F-E424-4017-8B85-7911C9A531FE}"
EndProject
Project("{FAE04EC0-301F-11D3-BF4B-00C04F79EFBC}") = "FitnessGoal_v1._0.iOS", "FitnessGoal_v1.0\FitnessGoal_v1._0.iOS\FitnessGoal_v1._0.iOS.csproj", "{B9038DDF-8D85-4BE8-BBDD-D54E15025BF8}"
EndProject
Project("{FAE04EC0-301F-11D3-BF4B-00C04F79EFBC}") = "FitnessGoal_v1._0.Droid", "FitnessGoal_v1.0\FitnessGoal_v1._0.Droid\FitnessGoal_v1._0.Droid.csproj", "{AEFBFFA0-3FA4-4FBF-9593-6CCB91CC1BD6}"
EndProject
Project("{FAE04EC0-301F-11D3-BF4B-00C04F79EFBC}") = "FitnessGoal_v1._0.WinPhone", "FitnessGoal_v1.0\FitnessGoal_v1._0.WinPhone\FitnessGoal_v1._0.WinPhone.csproj", "{518CB41E-7E78-4FD8-A363-229861D95F0E}"
EndProject
Global
	GlobalSection(SolutionConfigurationPlatforms) = preSolution
		Ad-Hoc|Any CPU = Ad-Hoc|Any CPU
		Ad-Hoc|ARM = Ad-Hoc|ARM
		Ad-Hoc|iPhone = Ad-Hoc|iPhone
		Ad-Hoc|iPhoneSimulator = Ad-Hoc|iPhoneSimulator
		Ad-Hoc|Mixed Platforms = Ad-Hoc|Mixed Platforms
		Ad-Hoc|x86 = Ad-Hoc|x86
		AppStore|Any CPU = AppStore|Any CPU
		AppStore|ARM = AppStore|ARM
		AppStore|iPhone = AppStore|iPhone
		AppStore|iPhoneSimulator = AppStore|iPhoneSimulator
		AppStore|Mixed Platforms = AppStore|Mixed Platforms
		AppStore|x86 = AppStore|x86
		Debug|Any CPU = Debug|Any CPU
		Debug|ARM = Debug|ARM
		Debug|iPhone = Debug|iPhone
		Debug|iPhoneSimulator = Debug|iPhoneSimulator
		Debug|Mixed Platforms = Debug|Mixed Platforms
		Debug|x86 = Debug|x86
		Release|Any CPU = Release|Any CPU
		Release|ARM = Release|ARM
		Release|iPhone = Release|iPhone
		Release|iPhoneSimulator = Release|iPhoneSimulator
		Release|Mixed Platforms = Release|Mixed Platforms
		Release|x86 = Release|x86
	EndGlobalSection
	GlobalSection(ProjectConfigurationPlatforms) = postSolution
		{518CB41E-7E78-4FD8-A363-229861D95F0E}.Ad-Hoc|Any CPU.ActiveCfg = Release|Any CPU
		{518CB41E-7E78-4FD8-A363-229861D95F0E}.Ad-Hoc|Any CPU.Build.0 = Release|Any CPU
		{518CB41E-7E78-4FD8-A363-229861D95F0E}.Ad-Hoc|Any CPU.Deploy.0 = Release|Any CPU
		{518CB41E-7E78-4FD8-A363-229861D95F0E}.Ad-Hoc|ARM.ActiveCfg = Release|ARM
		{518CB41E-7E78-4FD8-A363-229861D95F0E}.Ad-Hoc|ARM.Build.0 = Release|ARM
		{518CB41E-7E78-4FD8-A363-229861D95F0E}.Ad-Hoc|ARM.Deploy.0 = Release|ARM
		{518CB41E-7E78-4FD8-A363-229861D95F0E}.Ad-Hoc|iPhone.ActiveCfg = Release|Any CPU
		{518CB41E-7E78-4FD8-A363-229861D95F0E}.Ad-Hoc|iPhoneSimulator.ActiveCfg = Release|Any CPU
		{518CB41E-7E78-4FD8-A363-229861D95F0E}.Ad-Hoc|Mixed Platforms.ActiveCfg = Release|x86
		{518CB41E-7E78-4FD8-A363-229861D95F0E}.Ad-Hoc|Mixed Platforms.Build.0 = Release|x86
		{518CB41E-7E78-4FD8-A363-229861D95F0E}.Ad-Hoc|Mixed Platforms.Deploy.0 = Release|x86
		{518CB41E-7E78-4FD8-A363-229861D95F0E}.Ad-Hoc|x86.ActiveCfg = Release|x86
		{518CB41E-7E78-4FD8-A363-229861D95F0E}.Ad-Hoc|x86.Build.0 = Release|x86
		{518CB41E-7E78-4FD8-A363-229861D95F0E}.Ad-Hoc|x86.Deploy.0 = Release|x86
		{518CB41E-7E78-4FD8-A363-229861D95F0E}.AppStore|Any CPU.ActiveCfg = Release|Any CPU
		{518CB41E-7E78-4FD8-A363-229861D95F0E}.AppStore|Any CPU.Build.0 = Release|Any CPU
		{518CB41E-7E78-4FD8-A363-229861D95F0E}.AppStore|Any CPU.Deploy.0 = Release|Any CPU
		{518CB41E-7E78-4FD8-A363-229861D95F0E}.AppStore|ARM.ActiveCfg = Release|ARM
		{518CB41E-7E78-4FD8-A363-229861D95F0E}.AppStore|ARM.Build.0 = Release|ARM
		{518CB41E-7E78-4FD8-A363-229861D95F0E}.AppStore|ARM.Deploy.0 = Release|ARM
		{518CB41E-7E78-4FD8-A363-229861D95F0E}.AppStore|iPhone.ActiveCfg = Release|Any CPU
		{518CB41E-7E78-4FD8-A363-229861D95F0E}.AppStore|iPhoneSimulator.ActiveCfg = Release|Any CPU
		{518CB41E-7E78-4FD8-A363-229861D95F0E}.AppStore|Mixed Platforms.ActiveCfg = Release|x86
		{518CB41E-7E78-4FD8-A363-229861D95F0E}.AppStore|Mixed Platforms.Build.0 = Release|x86
		{518CB41E-7E78-4FD8-A363-229861D95F0E}.AppStore|Mixed Platforms.Deploy.0 = Release|x86
		{518CB41E-7E78-4FD8-A363-229861D95F0E}.AppStore|x86.ActiveCfg = Release|x86
		{518CB41E-7E78-4FD8-A363-229861D95F0E}.AppStore|x86.Build.0 = Release|x86
		{518CB41E-7E78-4FD8-A363-229861D95F0E}.AppStore|x86.Deploy.0 = Release|x86
		{518CB41E-7E78-4FD8-A363-229861D95F0E}.Debug|Any CPU.ActiveCfg = Debug|Any CPU
		{518CB41E-7E78-4FD8-A363-229861D95F0E}.Debug|Any CPU.Build.0 = Debug|Any CPU
		{518CB41E-7E78-4FD8-A363-229861D95F0E}.Debug|Any CPU.Deploy.0 = Debug|Any CPU
		{518CB41E-7E78-4FD8-A363-229861D95F0E}.Debug|ARM.ActiveCfg = Debug|ARM
		{518CB41E-7E78-4FD8-A363-229861D95F0E}.Debug|ARM.Build.0 = Debug|ARM
		{518CB41E-7E78-4FD8-A363-229861D95F0E}.Debug|ARM.Deploy.0 = Debug|ARM
		{518CB41E-7E78-4FD8-A363-229861D95F0E}.Debug|iPhone.ActiveCfg = Debug|Any CPU
		{518CB41E-7E78-4FD8-A363-229861D95F0E}.Debug|iPhoneSimulator.ActiveCfg = Debug|Any CPU
		{518CB41E-7E78-4FD8-A363-229861D95F0E}.Debug|Mixed Platforms.ActiveCfg = Debug|x86
		{518CB41E-7E78-4FD8-A363-229861D95F0E}.Debug|Mixed Platforms.Build.0 = Debug|x86
		{518CB41E-7E78-4FD8-A363-229861D95F0E}.Debug|Mixed Platforms.Deploy.0 = Debug|x86
		{518CB41E-7E78-4FD8-A363-229861D95F0E}.Debug|x86.ActiveCfg = Debug|x86
		{518CB41E-7E78-4FD8-A363-229861D95F0E}.Debug|x86.Build.0 = Debug|x86
		{518CB41E-7E78-4FD8-A363-229861D95F0E}.Debug|x86.Deploy.0 = Debug|x86
		{518CB41E-7E78-4FD8-A363-229861D95F0E}.Release|Any CPU.ActiveCfg = Release|Any CPU
		{518CB41E-7E78-4FD8-A363-229861D95F0E}.Release|Any CPU.Build.0 = Release|Any CPU
		{518CB41E-7E78-4FD8-A363-229861D95F0E}.Release|Any CPU.Deploy.0 = Release|Any CPU
		{518CB41E-7E78-4FD8-A363-229861D95F0E}.Release|ARM.ActiveCfg = Release|ARM
		{518CB41E-7E78-4FD8-A363-229861D95F0E}.Release|ARM.Build.0 = Release|ARM
		{518CB41E-7E78-4FD8-A363-229861D95F0E}.Release|ARM.Deploy.0 = Release|ARM
		{518CB41E-7E78-4FD8-A363-229861D95F0E}.Release|iPhone.ActiveCfg = Release|Any CPU
		{518CB41E-7E78-4FD8-A363-229861D95F0E}.Release|iPhoneSimulator.ActiveCfg = Release|Any CPU
		{518CB41E-7E78-4FD8-A363-229861D95F0E}.Release|Mixed Platforms.ActiveCfg = Release|x86
		{518CB41E-7E78-4FD8-A363-229861D95F0E}.Release|Mixed Platforms.Build.0 = Release|x86
		{518CB41E-7E78-4FD8-A363-229861D95F0E}.Release|Mixed Platforms.Deploy.0 = Release|x86
		{518CB41E-7E78-4FD8-A363-229861D95F0E}.Release|x86.ActiveCfg = Release|x86
		{518CB41E-7E78-4FD8-A363-229861D95F0E}.Release|x86.Build.0 = Release|x86
		{518CB41E-7E78-4FD8-A363-229861D95F0E}.Release|x86.Deploy.0 = Release|x86
		{99D3E54F-E424-4017-8B85-7911C9A531FE}.Ad-Hoc|Any CPU.ActiveCfg = Release|Any CPU
		{99D3E54F-E424-4017-8B85-7911C9A531FE}.Ad-Hoc|Any CPU.Build.0 = Release|Any CPU
		{99D3E54F-E424-4017-8B85-7911C9A531FE}.Ad-Hoc|ARM.ActiveCfg = Release|Any CPU
		{99D3E54F-E424-4017-8B85-7911C9A531FE}.Ad-Hoc|iPhone.ActiveCfg = Release|Any CPU
		{99D3E54F-E424-4017-8B85-7911C9A531FE}.Ad-Hoc|iPhoneSimulator.ActiveCfg = Release|Any CPU
		{99D3E54F-E424-4017-8B85-7911C9A531FE}.Ad-Hoc|Mixed Platforms.ActiveCfg = Release|Any CPU
		{99D3E54F-E424-4017-8B85-7911C9A531FE}.Ad-Hoc|Mixed Platforms.Build.0 = Release|Any CPU
		{99D3E54F-E424-4017-8B85-7911C9A531FE}.Ad-Hoc|x86.ActiveCfg = Release|Any CPU
		{99D3E54F-E424-4017-8B85-7911C9A531FE}.AppStore|Any CPU.ActiveCfg = Release|Any CPU
		{99D3E54F-E424-4017-8B85-7911C9A531FE}.AppStore|Any CPU.Build.0 = Release|Any CPU
		{99D3E54F-E424-4017-8B85-7911C9A531FE}.AppStore|ARM.ActiveCfg = Release|Any CPU
		{99D3E54F-E424-4017-8B85-7911C9A531FE}.AppStore|iPhone.ActiveCfg = Release|Any CPU
		{99D3E54F-E424-4017-8B85-7911C9A531FE}.AppStore|iPhoneSimulator.ActiveCfg = Release|Any CPU
		{99D3E54F-E424-4017-8B85-7911C9A531FE}.AppStore|Mixed Platforms.ActiveCfg = Release|Any CPU
		{99D3E54F-E424-4017-8B85-7911C9A531FE}.AppStore|Mixed Platforms.Build.0 = Release|Any CPU
		{99D3E54F-E424-4017-8B85-7911C9A531FE}.AppStore|x86.ActiveCfg = Release|Any CPU
		{99D3E54F-E424-4017-8B85-7911C9A531FE}.Debug|Any CPU.ActiveCfg = Debug|Any CPU
		{99D3E54F-E424-4017-8B85-7911C9A531FE}.Debug|Any CPU.Build.0 = Debug|Any CPU
		{99D3E54F-E424-4017-8B85-7911C9A531FE}.Debug|ARM.ActiveCfg = Debug|Any CPU
		{99D3E54F-E424-4017-8B85-7911C9A531FE}.Debug|iPhone.ActiveCfg = Debug|Any CPU
		{99D3E54F-E424-4017-8B85-7911C9A531FE}.Debug|iPhoneSimulator.ActiveCfg = Debug|Any CPU
		{99D3E54F-E424-4017-8B85-7911C9A531FE}.Debug|Mixed Platforms.ActiveCfg = Debug|Any CPU
		{99D3E54F-E424-4017-8B85-7911C9A531FE}.Debug|Mixed Platforms.Build.0 = Debug|Any CPU
		{99D3E54F-E424-4017-8B85-7911C9A531FE}.Debug|x86.ActiveCfg = Debug|Any CPU
		{99D3E54F-E424-4017-8B85-7911C9A531FE}.Release|Any CPU.ActiveCfg = Release|Any CPU
		{99D3E54F-E424-4017-8B85-7911C9A531FE}.Release|Any CPU.Build.0 = Release|Any CPU
		{99D3E54F-E424-4017-8B85-7911C9A531FE}.Release|ARM.ActiveCfg = Release|Any CPU
		{99D3E54F-E424-4017-8B85-7911C9A531FE}.Release|iPhone.ActiveCfg = Release|Any CPU
		{99D3E54F-E424-4017-8B85-7911C9A531FE}.Release|iPhoneSimulator.ActiveCfg = Release|Any CPU
		{99D3E54F-E424-4017-8B85-7911C9A531FE}.Release|Mixed Platforms.ActiveCfg = Release|Any CPU
		{99D3E54F-E424-4017-8B85-7911C9A531FE}.Release|Mixed Platforms.Build.0 = Release|Any CPU
		{99D3E54F-E424-4017-8B85-7911C9A531FE}.Release|x86.ActiveCfg = Release|Any CPU
		{AEFBFFA0-3FA4-4FBF-9593-6CCB91CC1BD6}.Ad-Hoc|Any CPU.ActiveCfg = Debug|Any CPU
		{AEFBFFA0-3FA4-4FBF-9593-6CCB91CC1BD6}.Ad-Hoc|Any CPU.Build.0 = Debug|Any CPU
		{AEFBFFA0-3FA4-4FBF-9593-6CCB91CC1BD6}.Ad-Hoc|Any CPU.Deploy.0 = Debug|Any CPU
		{AEFBFFA0-3FA4-4FBF-9593-6CCB91CC1BD6}.Ad-Hoc|ARM.ActiveCfg = Release|Any CPU
		{AEFBFFA0-3FA4-4FBF-9593-6CCB91CC1BD6}.Ad-Hoc|iPhone.ActiveCfg = Release|Any CPU
		{AEFBFFA0-3FA4-4FBF-9593-6CCB91CC1BD6}.Ad-Hoc|iPhoneSimulator.ActiveCfg = Release|Any CPU
		{AEFBFFA0-3FA4-4FBF-9593-6CCB91CC1BD6}.Ad-Hoc|Mixed Platforms.ActiveCfg = Release|Any CPU
		{AEFBFFA0-3FA4-4FBF-9593-6CCB91CC1BD6}.Ad-Hoc|Mixed Platforms.Build.0 = Release|Any CPU
		{AEFBFFA0-3FA4-4FBF-9593-6CCB91CC1BD6}.Ad-Hoc|Mixed Platforms.Deploy.0 = Release|Any CPU
		{AEFBFFA0-3FA4-4FBF-9593-6CCB91CC1BD6}.Ad-Hoc|x86.ActiveCfg = Release|Any CPU
		{AEFBFFA0-3FA4-4FBF-9593-6CCB91CC1BD6}.AppStore|Any CPU.ActiveCfg = Release|Any CPU
		{AEFBFFA0-3FA4-4FBF-9593-6CCB91CC1BD6}.AppStore|Any CPU.Build.0 = Release|Any CPU
		{AEFBFFA0-3FA4-4FBF-9593-6CCB91CC1BD6}.AppStore|Any CPU.Deploy.0 = Release|Any CPU
		{AEFBFFA0-3FA4-4FBF-9593-6CCB91CC1BD6}.AppStore|ARM.ActiveCfg = Release|Any CPU
		{AEFBFFA0-3FA4-4FBF-9593-6CCB91CC1BD6}.AppStore|iPhone.ActiveCfg = Release|Any CPU
		{AEFBFFA0-3FA4-4FBF-9593-6CCB91CC1BD6}.AppStore|iPhoneSimulator.ActiveCfg = Release|Any CPU
		{AEFBFFA0-3FA4-4FBF-9593-6CCB91CC1BD6}.AppStore|Mixed Platforms.ActiveCfg = Release|Any CPU
		{AEFBFFA0-3FA4-4FBF-9593-6CCB91CC1BD6}.AppStore|Mixed Platforms.Build.0 = Release|Any CPU
		{AEFBFFA0-3FA4-4FBF-9593-6CCB91CC1BD6}.AppStore|Mixed Platforms.Deploy.0 = Release|Any CPU
		{AEFBFFA0-3FA4-4FBF-9593-6CCB91CC1BD6}.AppStore|x86.ActiveCfg = Release|Any CPU
		{AEFBFFA0-3FA4-4FBF-9593-6CCB91CC1BD6}.Debug|Any CPU.ActiveCfg = Debug|Any CPU
		{AEFBFFA0-3FA4-4FBF-9593-6CCB91CC1BD6}.Debug|Any CPU.Build.0 = Debug|Any CPU
		{AEFBFFA0-3FA4-4FBF-9593-6CCB91CC1BD6}.Debug|Any CPU.Deploy.0 = Debug|Any CPU
		{AEFBFFA0-3FA4-4FBF-9593-6CCB91CC1BD6}.Debug|ARM.ActiveCfg = Debug|Any CPU
		{AEFBFFA0-3FA4-4FBF-9593-6CCB91CC1BD6}.Debug|iPhone.ActiveCfg = Debug|Any CPU
		{AEFBFFA0-3FA4-4FBF-9593-6CCB91CC1BD6}.Debug|iPhoneSimulator.ActiveCfg = Debug|Any CPU
		{AEFBFFA0-3FA4-4FBF-9593-6CCB91CC1BD6}.Debug|Mixed Platforms.ActiveCfg = Debug|Any CPU
		{AEFBFFA0-3FA4-4FBF-9593-6CCB91CC1BD6}.Debug|Mixed Platforms.Build.0 = Debug|Any CPU
		{AEFBFFA0-3FA4-4FBF-9593-6CCB91CC1BD6}.Debug|Mixed Platforms.Deploy.0 = Debug|Any CPU
		{AEFBFFA0-3FA4-4FBF-9593-6CCB91CC1BD6}.Debug|x86.ActiveCfg = Debug|Any CPU
		{AEFBFFA0-3FA4-4FBF-9593-6CCB91CC1BD6}.Release|Any CPU.ActiveCfg = Release|Any CPU
		{AEFBFFA0-3FA4-4FBF-9593-6CCB91CC1BD6}.Release|Any CPU.Build.0 = Release|Any CPU
		{AEFBFFA0-3FA4-4FBF-9593-6CCB91CC1BD6}.Release|Any CPU.Deploy.0 = Release|Any CPU
		{AEFBFFA0-3FA4-4FBF-9593-6CCB91CC1BD6}.Release|ARM.ActiveCfg = Release|Any CPU
		{AEFBFFA0-3FA4-4FBF-9593-6CCB91CC1BD6}.Release|iPhone.ActiveCfg = Release|Any CPU
		{AEFBFFA0-3FA4-4FBF-9593-6CCB91CC1BD6}.Release|iPhoneSimulator.ActiveCfg = Release|Any CPU
		{AEFBFFA0-3FA4-4FBF-9593-6CCB91CC1BD6}.Release|Mixed Platforms.ActiveCfg = Release|Any CPU
		{AEFBFFA0-3FA4-4FBF-9593-6CCB91CC1BD6}.Release|Mixed Platforms.Build.0 = Release|Any CPU
		{AEFBFFA0-3FA4-4FBF-9593-6CCB91CC1BD6}.Release|Mixed Platforms.Deploy.0 = Release|Any CPU
		{AEFBFFA0-3FA4-4FBF-9593-6CCB91CC1BD6}.Release|x86.ActiveCfg = Release|Any CPU
		{B9038DDF-8D85-4BE8-BBDD-D54E15025BF8}.Ad-Hoc|Any CPU.ActiveCfg = Ad-Hoc|iPhone
		{B9038DDF-8D85-4BE8-BBDD-D54E15025BF8}.Ad-Hoc|ARM.ActiveCfg = Ad-Hoc|iPhone
		{B9038DDF-8D85-4BE8-BBDD-D54E15025BF8}.Ad-Hoc|iPhone.ActiveCfg = Ad-Hoc|iPhone
		{B9038DDF-8D85-4BE8-BBDD-D54E15025BF8}.Ad-Hoc|iPhone.Build.0 = Ad-Hoc|iPhone
		{B9038DDF-8D85-4BE8-BBDD-D54E15025BF8}.Ad-Hoc|iPhoneSimulator.ActiveCfg = Ad-Hoc|iPhoneSimulator
		{B9038DDF-8D85-4BE8-BBDD-D54E15025BF8}.Ad-Hoc|iPhoneSimulator.Build.0 = Ad-Hoc|iPhoneSimulator
		{B9038DDF-8D85-4BE8-BBDD-D54E15025BF8}.Ad-Hoc|Mixed Platforms.ActiveCfg = Ad-Hoc|iPhone
		{B9038DDF-8D85-4BE8-BBDD-D54E15025BF8}.Ad-Hoc|Mixed Platforms.Build.0 = Ad-Hoc|iPhone
		{B9038DDF-8D85-4BE8-BBDD-D54E15025BF8}.Ad-Hoc|x86.ActiveCfg = Ad-Hoc|iPhone
		{B9038DDF-8D85-4BE8-BBDD-D54E15025BF8}.AppStore|Any CPU.ActiveCfg = AppStore|iPhone
		{B9038DDF-8D85-4BE8-BBDD-D54E15025BF8}.AppStore|ARM.ActiveCfg = AppStore|iPhone
		{B9038DDF-8D85-4BE8-BBDD-D54E15025BF8}.AppStore|iPhone.ActiveCfg = AppStore|iPhone
		{B9038DDF-8D85-4BE8-BBDD-D54E15025BF8}.AppStore|iPhone.Build.0 = AppStore|iPhone
		{B9038DDF-8D85-4BE8-BBDD-D54E15025BF8}.AppStore|iPhoneSimulator.ActiveCfg = AppStore|iPhoneSimulator
		{B9038DDF-8D85-4BE8-BBDD-D54E15025BF8}.AppStore|iPhoneSimulator.Build.0 = AppStore|iPhoneSimulator
		{B9038DDF-8D85-4BE8-BBDD-D54E15025BF8}.AppStore|Mixed Platforms.ActiveCfg = AppStore|iPhone
		{B9038DDF-8D85-4BE8-BBDD-D54E15025BF8}.AppStore|Mixed Platforms.Build.0 = AppStore|iPhone
		{B9038DDF-8D85-4BE8-BBDD-D54E15025BF8}.AppStore|x86.ActiveCfg = AppStore|iPhone
		{B9038DDF-8D85-4BE8-BBDD-D54E15025BF8}.Debug|Any CPU.ActiveCfg = Debug|iPhone
		{B9038DDF-8D85-4BE8-BBDD-D54E15025BF8}.Debug|ARM.ActiveCfg = Debug|iPhone
		{B9038DDF-8D85-4BE8-BBDD-D54E15025BF8}.Debug|iPhone.ActiveCfg = Debug|iPhone
		{B9038DDF-8D85-4BE8-BBDD-D54E15025BF8}.Debug|iPhone.Build.0 = Debug|iPhone
		{B9038DDF-8D85-4BE8-BBDD-D54E15025BF8}.Debug|iPhoneSimulator.ActiveCfg = Debug|iPhoneSimulator
		{B9038DDF-8D85-4BE8-BBDD-D54E15025BF8}.Debug|iPhoneSimulator.Build.0 = Debug|iPhoneSimulator
		{B9038DDF-8D85-4BE8-BBDD-D54E15025BF8}.Debug|Mixed Platforms.ActiveCfg = Debug|iPhone
		{B9038DDF-8D85-4BE8-BBDD-D54E15025BF8}.Debug|Mixed Platforms.Build.0 = Debug|iPhone
		{B9038DDF-8D85-4BE8-BBDD-D54E15025BF8}.Debug|x86.ActiveCfg = Debug|iPhone
		{B9038DDF-8D85-4BE8-BBDD-D54E15025BF8}.Release|Any CPU.ActiveCfg = Release|iPhone
		{B9038DDF-8D85-4BE8-BBDD-D54E15025BF8}.Release|ARM.ActiveCfg = Release|iPhone
		{B9038DDF-8D85-4BE8-BBDD-D54E15025BF8}.Release|iPhone.ActiveCfg = Release|iPhone
		{B9038DDF-8D85-4BE8-BBDD-D54E15025BF8}.Release|iPhone.Build.0 = Release|iPhone
		{B9038DDF-8D85-4BE8-BBDD-D54E15025BF8}.Release|iPhoneSimulator.ActiveCfg = Release|iPhoneSimulator
		{B9038DDF-8D85-4BE8-BBDD-D54E15025BF8}.Release|iPhoneSimulator.Build.0 = Release|iPhoneSimulator
		{B9038DDF-8D85-4BE8-BBDD-D54E15025BF8}.Release|Mixed Platforms.ActiveCfg = Release|iPhone
		{B9038DDF-8D85-4BE8-BBDD-D54E15025BF8}.Release|Mixed Platforms.Build.0 = Release|iPhone
		{B9038DDF-8D85-4BE8-BBDD-D54E15025BF8}.Release|x86.ActiveCfg = Release|iPhone
	EndGlobalSection
	GlobalSection(SolutionProperties) = preSolution
		HideSolutionNode = FALSE
	EndGlobalSection
EndGlobal
